
Microsoft Visual Studio Solution File, Format Version 12.00
# Visual Studio Version 17
VisualStudioVersion = 17.10.35122.118
MinimumVisualStudioVersion = 10.0.40219.1
Project("{FAE04EC0-301F-11D3-BF4B-00C04F79EFBC}") = "MVCProjem", "MVCProjem\MVCProjem.csproj", "{92CFF5B2-8ECF-442E-AD8B-31CEAE1C94E5}"
EndProject
Project("{FAE04EC0-301F-11D3-BF4B-00C04F79EFBC}") = "EntityLayer", "EntityLayer\EntityLayer.csproj", "{883F487F-F64C-48D8-9A84-623C022AECFC}"
EndProject
Project("{FAE04EC0-301F-11D3-BF4B-00C04F79EFBC}") = "DataAccessLayer", "DataAccessLayer\DataAccessLayer.csproj", "{9282EA58-2725-4DAB-BB8E-2FDAC5FAF7FC}"
EndProject
Project("{FAE04EC0-301F-11D3-BF4B-00C04F79EFBC}") = "BusinessLayer", "BusinessLayer\BusinessLayer.csproj", "{80C1DE89-BAE9-470A-A4FD-F2B732725CDA}"
EndProject
Global
	GlobalSection(SolutionConfigurationPlatforms) = preSolution
		Debug|Any CPU = Debug|Any CPU
		Release|Any CPU = Release|Any CPU
	EndGlobalSection
	GlobalSection(ProjectConfigurationPlatforms) = postSolution
		{92CFF5B2-8ECF-442E-AD8B-31CEAE1C94E5}.Debug|Any CPU.ActiveCfg = Debug|Any CPU
		{92CFF5B2-8ECF-442E-AD8B-31CEAE1C94E5}.Debug|Any CPU.Build.0 = Debug|Any CPU
		{92CFF5B2-8ECF-442E-AD8B-31CEAE1C94E5}.Release|Any CPU.ActiveCfg = Release|Any CPU
		{92CFF5B2-8ECF-442E-AD8B-31CEAE1C94E5}.Release|Any CPU.Build.0 = Release|Any CPU
		{883F487F-F64C-48D8-9A84-623C022AECFC}.Debug|Any CPU.ActiveCfg = Debug|Any CPU
		{883F487F-F64C-48D8-9A84-623C022AECFC}.Debug|Any CPU.Build.0 = Debug|Any CPU
		{883F487F-F64C-48D8-9A84-623C022AECFC}.Release|Any CPU.ActiveCfg = Release|Any CPU
		{883F487F-F64C-48D8-9A84-623C022AECFC}.Release|Any CPU.Build.0 = Release|Any CPU
		{9282EA58-2725-4DAB-BB8E-2FDAC5FAF7FC}.Debug|Any CPU.ActiveCfg = Debug|Any CPU
		{9282EA58-2725-4DAB-BB8E-2FDAC5FAF7FC}.Debug|Any CPU.Build.0 = Debug|Any CPU
		{9282EA58-2725-4DAB-BB8E-2FDAC5FAF7FC}.Release|Any CPU.ActiveCfg = Release|Any CPU
		{9282EA58-2725-4DAB-BB8E-2FDAC5FAF7FC}.Release|Any CPU.Build.0 = Release|Any CPU
		{80C1DE89-BAE9-470A-A4FD-F2B732725CDA}.Debug|Any CPU.ActiveCfg = Debug|Any CPU
		{80C1DE89-BAE9-470A-A4FD-F2B732725CDA}.Debug|Any CPU.Build.0 = Debug|Any CPU
		{80C1DE89-BAE9-470A-A4FD-F2B732725CDA}.Release|Any CPU.ActiveCfg = Release|Any CPU
		{80C1DE89-BAE9-470A-A4FD-F2B732725CDA}.Release|Any CPU.Build.0 = Release|Any CPU
	EndGlobalSection
	GlobalSection(SolutionProperties) = preSolution
		HideSolutionNode = FALSE
	EndGlobalSection
	GlobalSection(ExtensibilityGlobals) = postSolution
		SolutionGuid = {4107207B-FD78-494B-9E0E-2339E0FB73CF}
	EndGlobalSection
EndGlobal
